
Microsoft Visual Studio Solution File, Format Version 12.00
Project("{FAE04EC0-301F-11D3-BF4B-00C04F79EFBC}") = "GenJson.Generator", "GenJson.Generator\GenJson.Generator.csproj", "{484B1341-DD16-4475-A255-972E8068437A}"
EndProject
Project("{FAE04EC0-301F-11D3-BF4B-00C04F79EFBC}") = "GenJson.Tests", "GenJson.Tests\GenJson.Tests.csproj", "{6FFD07C6-D587-4971-A3B4-A032CF87971F}"
EndProject
Project("{FAE04EC0-301F-11D3-BF4B-00C04F79EFBC}") = "GenJson", "GenJson\GenJson.csproj", "{4F0266D7-4960-42CA-8A56-D00E6EEEC703}"
EndProject
Project("{FAE04EC0-301F-11D3-BF4B-00C04F79EFBC}") = "GenJson.Benchmark", "GenJson.Benchmark\GenJson.Benchmark.csproj", "{19149134-CF37-4089-9D2B-6F1049557467}"
EndProject
Project("{FAE04EC0-301F-11D3-BF4B-00C04F79EFBC}") = "GenJson.SystemTextJson", "GenJson.SystemTextJson\GenJson.SystemTextJson.csproj", "{8D6F2C99-F35C-4AEB-864D-7E1A29D645B4}"
EndProject
Project("{FAE04EC0-301F-11D3-BF4B-00C04F79EFBC}") = "GenJson.SystemTextJson.Tests", "GenJson.SystemTextJson.Tests\GenJson.SystemTextJson.Tests.csproj", "{BDD8A0E4-3A5B-4C67-AF07-0628D8A0E43A}"
EndProject
Project("{FAE04EC0-301F-11D3-BF4B-00C04F79EFBC}") = "GenJson.Analyzer", "GenJson.Analyzer\GenJson.Analyzer.csproj", "{641EDDD2-95BB-4B22-BBC4-7F318608DA4F}"
EndProject
Global
	GlobalSection(SolutionConfigurationPlatforms) = preSolution
		Debug|Any CPU = Debug|Any CPU
		Debug|x64 = Debug|x64
		Debug|x86 = Debug|x86
		Release|Any CPU = Release|Any CPU
		Release|x64 = Release|x64
		Release|x86 = Release|x86
	EndGlobalSection
	GlobalSection(ProjectConfigurationPlatforms) = postSolution
		{484B1341-DD16-4475-A255-972E8068437A}.Debug|Any CPU.ActiveCfg = Debug|Any CPU
		{484B1341-DD16-4475-A255-972E8068437A}.Debug|Any CPU.Build.0 = Debug|Any CPU
		{484B1341-DD16-4475-A255-972E8068437A}.Debug|x64.ActiveCfg = Debug|Any CPU
		{484B1341-DD16-4475-A255-972E8068437A}.Debug|x64.Build.0 = Debug|Any CPU
		{484B1341-DD16-4475-A255-972E8068437A}.Debug|x86.ActiveCfg = Debug|Any CPU
		{484B1341-DD16-4475-A255-972E8068437A}.Debug|x86.Build.0 = Debug|Any CPU
		{484B1341-DD16-4475-A255-972E8068437A}.Release|Any CPU.ActiveCfg = Release|Any CPU
		{484B1341-DD16-4475-A255-972E8068437A}.Release|Any CPU.Build.0 = Release|Any CPU
		{484B1341-DD16-4475-A255-972E8068437A}.Release|x64.ActiveCfg = Release|Any CPU
		{484B1341-DD16-4475-A255-972E8068437A}.Release|x64.Build.0 = Release|Any CPU
		{484B1341-DD16-4475-A255-972E8068437A}.Release|x86.ActiveCfg = Release|Any CPU
		{484B1341-DD16-4475-A255-972E8068437A}.Release|x86.Build.0 = Release|Any CPU
		{6FFD07C6-D587-4971-A3B4-A032CF87971F}.Debug|Any CPU.ActiveCfg = Debug|Any CPU
		{6FFD07C6-D587-4971-A3B4-A032CF87971F}.Debug|Any CPU.Build.0 = Debug|Any CPU
		{6FFD07C6-D587-4971-A3B4-A032CF87971F}.Debug|x64.ActiveCfg = Debug|Any CPU
		{6FFD07C6-D587-4971-A3B4-A032CF87971F}.Debug|x64.Build.0 = Debug|Any CPU
		{6FFD07C6-D587-4971-A3B4-A032CF87971F}.Debug|x86.ActiveCfg = Debug|Any CPU
		{6FFD07C6-D587-4971-A3B4-A032CF87971F}.Debug|x86.Build.0 = Debug|Any CPU
		{6FFD07C6-D587-4971-A3B4-A032CF87971F}.Release|Any CPU.ActiveCfg = Release|Any CPU
		{6FFD07C6-D587-4971-A3B4-A032CF87971F}.Release|Any CPU.Build.0 = Release|Any CPU
		{6FFD07C6-D587-4971-A3B4-A032CF87971F}.Release|x64.ActiveCfg = Release|Any CPU
		{6FFD07C6-D587-4971-A3B4-A032CF87971F}.Release|x64.Build.0 = Release|Any CPU
		{6FFD07C6-D587-4971-A3B4-A032CF87971F}.Release|x86.ActiveCfg = Release|Any CPU
		{6FFD07C6-D587-4971-A3B4-A032CF87971F}.Release|x86.Build.0 = Release|Any CPU
		{4F0266D7-4960-42CA-8A56-D00E6EEEC703}.Debug|Any CPU.ActiveCfg = Debug|Any CPU
		{4F0266D7-4960-42CA-8A56-D00E6EEEC703}.Debug|Any CPU.Build.0 = Debug|Any CPU
		{4F0266D7-4960-42CA-8A56-D00E6EEEC703}.Debug|x64.ActiveCfg = Debug|Any CPU
		{4F0266D7-4960-42CA-8A56-D00E6EEEC703}.Debug|x64.Build.0 = Debug|Any CPU
		{4F0266D7-4960-42CA-8A56-D00E6EEEC703}.Debug|x86.ActiveCfg = Debug|Any CPU
		{4F0266D7-4960-42CA-8A56-D00E6EEEC703}.Debug|x86.Build.0 = Debug|Any CPU
		{4F0266D7-4960-42CA-8A56-D00E6EEEC703}.Release|Any CPU.ActiveCfg = Release|Any CPU
		{4F0266D7-4960-42CA-8A56-D00E6EEEC703}.Release|Any CPU.Build.0 = Release|Any CPU
		{4F0266D7-4960-42CA-8A56-D00E6EEEC703}.Release|x64.ActiveCfg = Release|Any CPU
		{4F0266D7-4960-42CA-8A56-D00E6EEEC703}.Release|x64.Build.0 = Release|Any CPU
		{4F0266D7-4960-42CA-8A56-D00E6EEEC703}.Release|x86.ActiveCfg = Release|Any CPU
		{4F0266D7-4960-42CA-8A56-D00E6EEEC703}.Release|x86.Build.0 = Release|Any CPU
		{19149134-CF37-4089-9D2B-6F1049557467}.Debug|Any CPU.ActiveCfg = Debug|Any CPU
		{19149134-CF37-4089-9D2B-6F1049557467}.Debug|Any CPU.Build.0 = Debug|Any CPU
		{19149134-CF37-4089-9D2B-6F1049557467}.Debug|x64.ActiveCfg = Debug|Any CPU
		{19149134-CF37-4089-9D2B-6F1049557467}.Debug|x64.Build.0 = Debug|Any CPU
		{19149134-CF37-4089-9D2B-6F1049557467}.Debug|x86.ActiveCfg = Debug|Any CPU
		{19149134-CF37-4089-9D2B-6F1049557467}.Debug|x86.Build.0 = Debug|Any CPU
		{19149134-CF37-4089-9D2B-6F1049557467}.Release|Any CPU.ActiveCfg = Release|Any CPU
		{19149134-CF37-4089-9D2B-6F1049557467}.Release|Any CPU.Build.0 = Release|Any CPU
		{19149134-CF37-4089-9D2B-6F1049557467}.Release|x64.ActiveCfg = Release|Any CPU
		{19149134-CF37-4089-9D2B-6F1049557467}.Release|x64.Build.0 = Release|Any CPU
		{19149134-CF37-4089-9D2B-6F1049557467}.Release|x86.ActiveCfg = Release|Any CPU
		{19149134-CF37-4089-9D2B-6F1049557467}.Release|x86.Build.0 = Release|Any CPU
		{8D6F2C99-F35C-4AEB-864D-7E1A29D645B4}.Debug|Any CPU.ActiveCfg = Debug|Any CPU
		{8D6F2C99-F35C-4AEB-864D-7E1A29D645B4}.Debug|Any CPU.Build.0 = Debug|Any CPU
		{8D6F2C99-F35C-4AEB-864D-7E1A29D645B4}.Debug|x64.ActiveCfg = Debug|Any CPU
		{8D6F2C99-F35C-4AEB-864D-7E1A29D645B4}.Debug|x64.Build.0 = Debug|Any CPU
		{8D6F2C99-F35C-4AEB-864D-7E1A29D645B4}.Debug|x86.ActiveCfg = Debug|Any CPU
		{8D6F2C99-F35C-4AEB-864D-7E1A29D645B4}.Debug|x86.Build.0 = Debug|Any CPU
		{8D6F2C99-F35C-4AEB-864D-7E1A29D645B4}.Release|Any CPU.ActiveCfg = Release|Any CPU
		{8D6F2C99-F35C-4AEB-864D-7E1A29D645B4}.Release|Any CPU.Build.0 = Release|Any CPU
		{8D6F2C99-F35C-4AEB-864D-7E1A29D645B4}.Release|x64.ActiveCfg = Release|Any CPU
		{8D6F2C99-F35C-4AEB-864D-7E1A29D645B4}.Release|x64.Build.0 = Release|Any CPU
		{8D6F2C99-F35C-4AEB-864D-7E1A29D645B4}.Release|x86.ActiveCfg = Release|Any CPU
		{8D6F2C99-F35C-4AEB-864D-7E1A29D645B4}.Release|x86.Build.0 = Release|Any CPU
		{BDD8A0E4-3A5B-4C67-AF07-0628D8A0E43A}.Debug|Any CPU.ActiveCfg = Debug|Any CPU
		{BDD8A0E4-3A5B-4C67-AF07-0628D8A0E43A}.Debug|Any CPU.Build.0 = Debug|Any CPU
		{BDD8A0E4-3A5B-4C67-AF07-0628D8A0E43A}.Debug|x64.ActiveCfg = Debug|Any CPU
		{BDD8A0E4-3A5B-4C67-AF07-0628D8A0E43A}.Debug|x64.Build.0 = Debug|Any CPU
		{BDD8A0E4-3A5B-4C67-AF07-0628D8A0E43A}.Debug|x86.ActiveCfg = Debug|Any CPU
		{BDD8A0E4-3A5B-4C67-AF07-0628D8A0E43A}.Debug|x86.Build.0 = Debug|Any CPU
		{BDD8A0E4-3A5B-4C67-AF07-0628D8A0E43A}.Release|Any CPU.ActiveCfg = Release|Any CPU
		{BDD8A0E4-3A5B-4C67-AF07-0628D8A0E43A}.Release|Any CPU.Build.0 = Release|Any CPU
		{BDD8A0E4-3A5B-4C67-AF07-0628D8A0E43A}.Release|x64.ActiveCfg = Release|Any CPU
		{BDD8A0E4-3A5B-4C67-AF07-0628D8A0E43A}.Release|x64.Build.0 = Release|Any CPU
		{BDD8A0E4-3A5B-4C67-AF07-0628D8A0E43A}.Release|x86.ActiveCfg = Release|Any CPU
		{BDD8A0E4-3A5B-4C67-AF07-0628D8A0E43A}.Release|x86.Build.0 = Release|Any CPU
		{641EDDD2-95BB-4B22-BBC4-7F318608DA4F}.Debug|Any CPU.ActiveCfg = Debug|Any CPU
		{641EDDD2-95BB-4B22-BBC4-7F318608DA4F}.Debug|Any CPU.Build.0 = Debug|Any CPU
		{641EDDD2-95BB-4B22-BBC4-7F318608DA4F}.Debug|x64.ActiveCfg = Debug|Any CPU
		{641EDDD2-95BB-4B22-BBC4-7F318608DA4F}.Debug|x64.Build.0 = Debug|Any CPU
		{641EDDD2-95BB-4B22-BBC4-7F318608DA4F}.Debug|x86.ActiveCfg = Debug|Any CPU
		{641EDDD2-95BB-4B22-BBC4-7F318608DA4F}.Debug|x86.Build.0 = Debug|Any CPU
		{641EDDD2-95BB-4B22-BBC4-7F318608DA4F}.Release|Any CPU.ActiveCfg = Release|Any CPU
		{641EDDD2-95BB-4B22-BBC4-7F318608DA4F}.Release|Any CPU.Build.0 = Release|Any CPU
		{641EDDD2-95BB-4B22-BBC4-7F318608DA4F}.Release|x64.ActiveCfg = Release|Any CPU
		{641EDDD2-95BB-4B22-BBC4-7F318608DA4F}.Release|x64.Build.0 = Release|Any CPU
		{641EDDD2-95BB-4B22-BBC4-7F318608DA4F}.Release|x86.ActiveCfg = Release|Any CPU
		{641EDDD2-95BB-4B22-BBC4-7F318608DA4F}.Release|x86.Build.0 = Release|Any CPU
	EndGlobalSection
	GlobalSection(SolutionProperties) = preSolution
		HideSolutionNode = FALSE
	EndGlobalSection
EndGlobal
